
Microsoft Visual Studio Solution File, Format Version 12.00
# Visual Studio Version 17
VisualStudioVersion = 17.8.34330.188
MinimumVisualStudioVersion = 10.0.40219.1
Project("{9A19103F-16F7-4668-BE54-9A1E7A4F7556}") = "Dzaba.PathoAutho", "src\Dzaba.PathoAutho\Dzaba.PathoAutho.csproj", "{DEA57EC3-88B5-4E2D-ADA6-97AA0A314E09}"
EndProject
Project("{9A19103F-16F7-4668-BE54-9A1E7A4F7556}") = "Dzaba.PathoAutho.Lib", "src\Dzaba.PathoAutho.Lib\Dzaba.PathoAutho.Lib.csproj", "{65C7FD44-A52A-4894-AD42-C93B0E6E1A88}"
EndProject
Project("{9A19103F-16F7-4668-BE54-9A1E7A4F7556}") = "Dzaba.PathoAutho.IntegrationTests", "src\Dzaba.PathoAutho.IntegrationTests\Dzaba.PathoAutho.IntegrationTests.csproj", "{524B7892-181C-4541-9F9A-AA79B547867D}"
EndProject
Project("{9A19103F-16F7-4668-BE54-9A1E7A4F7556}") = "Dzaba.PathoAutho.Contracts", "src\Dzaba.PathoAutho.Contracts\Dzaba.PathoAutho.Contracts.csproj", "{17E808C3-85E2-4919-8173-B8FE338E9768}"
EndProject
Project("{2150E333-8FDC-42A3-9474-1A3956D46DE8}") = "Solution Items", "Solution Items", "{3547CC73-BDE3-4519-A717-90A66B6FA0E0}"
	ProjectSection(SolutionItems) = preProject
		Directory.Packages.props = Directory.Packages.props
	EndProjectSection
EndProject
Project("{9A19103F-16F7-4668-BE54-9A1E7A4F7556}") = "Dzaba.BasicAuthentication", "src\Dzaba.BasicAuthentication\Dzaba.BasicAuthentication.csproj", "{250BB9FF-E9CF-42E3-86FD-3CDED1C5E315}"
EndProject
Project("{9A19103F-16F7-4668-BE54-9A1E7A4F7556}") = "Dzaba.PathoAutho.Lib.Tests", "src\Dzaba.PathoAutho.Lib.Tests\Dzaba.PathoAutho.Lib.Tests.csproj", "{59B40190-5734-4DA2-B5B6-77BB7C4C79A6}"
EndProject
Project("{9A19103F-16F7-4668-BE54-9A1E7A4F7556}") = "Dzaba.PathoAutho.Client", "src\Dzaba.PathoAutho.Client\Dzaba.PathoAutho.Client.csproj", "{C8E221BA-01DB-4809-834A-DF3F26A29E8C}"
EndProject
Project("{FAE04EC0-301F-11D3-BF4B-00C04F79EFBC}") = "Dzaba.PathoAutho.TestApp", "src\Dzaba.PathoAutho.TestApp\Dzaba.PathoAutho.TestApp.csproj", "{C17BC690-9445-4F85-8941-E10F22BC56D5}"
EndProject
Global
	GlobalSection(SolutionConfigurationPlatforms) = preSolution
		Debug|Any CPU = Debug|Any CPU
		Release|Any CPU = Release|Any CPU
	EndGlobalSection
	GlobalSection(ProjectConfigurationPlatforms) = postSolution
		{DEA57EC3-88B5-4E2D-ADA6-97AA0A314E09}.Debug|Any CPU.ActiveCfg = Debug|Any CPU
		{DEA57EC3-88B5-4E2D-ADA6-97AA0A314E09}.Debug|Any CPU.Build.0 = Debug|Any CPU
		{DEA57EC3-88B5-4E2D-ADA6-97AA0A314E09}.Release|Any CPU.ActiveCfg = Release|Any CPU
		{DEA57EC3-88B5-4E2D-ADA6-97AA0A314E09}.Release|Any CPU.Build.0 = Release|Any CPU
		{65C7FD44-A52A-4894-AD42-C93B0E6E1A88}.Debug|Any CPU.ActiveCfg = Debug|Any CPU
		{65C7FD44-A52A-4894-AD42-C93B0E6E1A88}.Debug|Any CPU.Build.0 = Debug|Any CPU
		{65C7FD44-A52A-4894-AD42-C93B0E6E1A88}.Release|Any CPU.ActiveCfg = Release|Any CPU
		{65C7FD44-A52A-4894-AD42-C93B0E6E1A88}.Release|Any CPU.Build.0 = Release|Any CPU
		{524B7892-181C-4541-9F9A-AA79B547867D}.Debug|Any CPU.ActiveCfg = Debug|Any CPU
		{524B7892-181C-4541-9F9A-AA79B547867D}.Debug|Any CPU.Build.0 = Debug|Any CPU
		{524B7892-181C-4541-9F9A-AA79B547867D}.Release|Any CPU.ActiveCfg = Release|Any CPU
		{524B7892-181C-4541-9F9A-AA79B547867D}.Release|Any CPU.Build.0 = Release|Any CPU
		{17E808C3-85E2-4919-8173-B8FE338E9768}.Debug|Any CPU.ActiveCfg = Debug|Any CPU
		{17E808C3-85E2-4919-8173-B8FE338E9768}.Debug|Any CPU.Build.0 = Debug|Any CPU
		{17E808C3-85E2-4919-8173-B8FE338E9768}.Release|Any CPU.ActiveCfg = Release|Any CPU
		{17E808C3-85E2-4919-8173-B8FE338E9768}.Release|Any CPU.Build.0 = Release|Any CPU
		{250BB9FF-E9CF-42E3-86FD-3CDED1C5E315}.Debug|Any CPU.ActiveCfg = Debug|Any CPU
		{250BB9FF-E9CF-42E3-86FD-3CDED1C5E315}.Debug|Any CPU.Build.0 = Debug|Any CPU
		{250BB9FF-E9CF-42E3-86FD-3CDED1C5E315}.Release|Any CPU.ActiveCfg = Release|Any CPU
		{250BB9FF-E9CF-42E3-86FD-3CDED1C5E315}.Release|Any CPU.Build.0 = Release|Any CPU
		{59B40190-5734-4DA2-B5B6-77BB7C4C79A6}.Debug|Any CPU.ActiveCfg = Debug|Any CPU
		{59B40190-5734-4DA2-B5B6-77BB7C4C79A6}.Debug|Any CPU.Build.0 = Debug|Any CPU
		{59B40190-5734-4DA2-B5B6-77BB7C4C79A6}.Release|Any CPU.ActiveCfg = Release|Any CPU
		{59B40190-5734-4DA2-B5B6-77BB7C4C79A6}.Release|Any CPU.Build.0 = Release|Any CPU
		{C8E221BA-01DB-4809-834A-DF3F26A29E8C}.Debug|Any CPU.ActiveCfg = Debug|Any CPU
		{C8E221BA-01DB-4809-834A-DF3F26A29E8C}.Debug|Any CPU.Build.0 = Debug|Any CPU
		{C8E221BA-01DB-4809-834A-DF3F26A29E8C}.Release|Any CPU.ActiveCfg = Release|Any CPU
		{C8E221BA-01DB-4809-834A-DF3F26A29E8C}.Release|Any CPU.Build.0 = Release|Any CPU
		{C17BC690-9445-4F85-8941-E10F22BC56D5}.Debug|Any CPU.ActiveCfg = Debug|Any CPU
		{C17BC690-9445-4F85-8941-E10F22BC56D5}.Debug|Any CPU.Build.0 = Debug|Any CPU
		{C17BC690-9445-4F85-8941-E10F22BC56D5}.Release|Any CPU.ActiveCfg = Release|Any CPU
		{C17BC690-9445-4F85-8941-E10F22BC56D5}.Release|Any CPU.Build.0 = Release|Any CPU
	EndGlobalSection
	GlobalSection(SolutionProperties) = preSolution
		HideSolutionNode = FALSE
	EndGlobalSection
	GlobalSection(ExtensibilityGlobals) = postSolution
		SolutionGuid = {F8C3F6EB-C0F4-4ADA-8F48-D81497069C65}
	EndGlobalSection
EndGlobal
